dependencies:
- name: mongodb
  repository: ""
  version: 16.2.2
- name: psmdb-operator
  repository: ""
  version: 1.21.1
- name: psmdb-db
  repository: ""
  version: 1.21.1
digest: sha256:52544f60c2e88079cc18da78164440e042103e5adc065668a648864e2ad938b9
generated: "2025-11-19T15:26:21.985280107+05:30"
