dependencies:
- name: mongodb
  repository: ""
  version: 16.2.2
- name: psmdb-operator
  repository: ""
  version: 1.23.0
- name: psmdb-db
  repository: ""
  version: 1.23.0
digest: sha256:af2e8470595645bb968aa5cd04d3dc637452e316bae4d632a740f4e49b5ff14c
generated: "2026-09-03T18:22:37.316596472+05:30"
