dependencies:
- name: appdynamics-cloud-k8s-monitoring
  repository: ""
  version: 1.18.0
- name: appdynamics-cloud-db-collector
  repository: ""
  version: 1.6.0
- name: appdynamics-network-monitoring
  repository: ""
  version: 0.1.0
- name: appdynamics-otel-collector
  repository: https://artifactory.bare.appdynamics.com/artifactory/appd-helm
  version: 24.1.0-1315
- name: appdynamics-security-collector
  repository: https://artifactory.bare.appdynamics.com/artifactory/appd-helm
  version: 1.0.22
- name: appdynamics-otel-instrumentation
  repository: https://artifactory.bare.appdynamics.com/artifactory/appd-helm
  version: 24.1.0-1330
digest: sha256:2473030f05b524b8f1f28e6cc9dae6b73a6d344d5a772f09962f33db0239ba22
generated: "2024-02-01T08:35:34.125346303Z"
