dependencies:
- name: appdynamics-cloud-k8s-monitoring
  repository: ""
  version: 1.21.0
- name: appdynamics-cloud-db-collector
  repository: ""
  version: 1.9.0
- name: appdynamics-network-monitoring
  repository: ""
  version: 0.2.0
- name: appdynamics-csaas-k8s-cluster-agent
  repository: ""
  version: 1.19.0
- name: appdynamics-otel-collector
  repository: https://artifactory.bare.appdynamics.com/artifactory/appd-helm
  version: 24.4.1-1600
- name: appdynamics-security-collector
  repository: https://artifactory.bare.appdynamics.com/artifactory/appd-helm
  version: 1.0.26
- name: appdynamics-otel-instrumentation
  repository: https://artifactory.bare.appdynamics.com/artifactory/appd-helm
  version: 24.4.0-1589
- name: appdynamics-auto-instrumentation-agent
  repository: ""
  version: 1.19.0
digest: sha256:10b1eb69cb78c197dabd9cd63dafad455785e949970e3cfdd512456999014cf9
generated: "2024-04-26T06:32:43.838539514Z"
