dependencies:
- name: appdynamics-cloud-k8s-monitoring
  repository: ""
  version: 1.14.0
- name: appdynamics-cloud-db-collector
  repository: ""
  version: 1.5.0
- name: appdynamics-otel-collector
  repository: https://artifactory.bare.appdynamics.com/artifactory/appd-helm
  version: 23.9.0-1130
- name: appdynamics-security-collector
  repository: https://artifactory.bare.appdynamics.com/artifactory/appd-helm
  version: 1.0.19
- name: appdynamics-otel-instrumentation
  repository: https://artifactory.bare.appdynamics.com/artifactory/appd-helm
  version: 23.9.0-1130
digest: sha256:5b89317b03059d61ad4c4af53f81b7d96a6bc4cdc45eb2d4c8de4958ead4083c
generated: "2023-09-26T06:37:03.384841294Z"
